
Microsoft Visual Studio Solution File, Format Version 12.00
# Visual Studio Version 16
VisualStudioVersion = 16.0.30621.155
MinimumVisualStudioVersion = 10.0.40219.1
Project("{888888A0-9F3D-457C-B088-3A5042F75D52}") = "HuntingAI", "HuntingAI\HuntingAI.pyproj", "{738375CF-02A0-4473-8536-2D5FA4F6C67E}"
EndProject
Global
	GlobalSection(SolutionConfigurationPlatforms) = preSolution
		Debug|Any CPU = Debug|Any CPU
		Release|Any CPU = Release|Any CPU
	EndGlobalSection
	GlobalSection(ProjectConfigurationPlatforms) = postSolution
		{738375CF-02A0-4473-8536-2D5FA4F6C67E}.Debug|Any CPU.ActiveCfg = Debug|Any CPU
		{738375CF-02A0-4473-8536-2D5FA4F6C67E}.Release|Any CPU.ActiveCfg = Release|Any CPU
	EndGlobalSection
	GlobalSection(SolutionProperties) = preSolution
		HideSolutionNode = FALSE
	EndGlobalSection
	GlobalSection(ExtensibilityGlobals) = postSolution
		SolutionGuid = {2AB5B7AF-2E75-46C9-94A7-39708CC3CAD9}
	EndGlobalSection
EndGlobal
